<?xml version="1.0" encoding="utf-8"?>
<Project ToolsVersion="4.0" xmlns="http://schemas.microsoft.com/developer/msbuild/2003">
  <ItemGroup>
    <Filter Include="Source Files">
      <UniqueIdentifier>{4FC737F1-C7A5-4376-A066-2A32D752A2FF}</UniqueIdentifier>
      <Extensions>cpp;c;cc;cxx;def;odl;idl;hpj;bat;asm;asmx</Extensions>
    </Filter>
    <Filter Include="Header Files">
      <UniqueIdentifier>{93995380-89BD-4b04-88EB-625FBE52EBFB}</UniqueIdentifier>
      <Extensions>h;hh;hpp;hxx;hm;inl;inc;xsd</Extensions>
    </Filter>
    <Filter Include="Resource Files">
      <UniqueIdentifier>{67DA6AB6-F800-4c08-8B7A-83BB121AAD01}</UniqueIdentifier>
      <Extensions>rc;ico;cur;bmp;dlg;rc2;rct;bin;rgs;gif;jpg;jpeg;jpe;resx;tiff;tif;png;wav;mfcribbon-ms</Extensions>
    </Filter>
    <Filter Include="Header Files\ui">
      <UniqueIdentifier>{555d1833-6b1c-4bc9-a717-f2ff583dd63d}</UniqueIdentifier>
    </Filter>
    <Filter Include="Header Files\engine">
      <UniqueIdentifier>{5bd9dc54-86af-4357-bb59-a32bc7e1c3f5}</UniqueIdentifier>
    </Filter>
    <Filter Include="Source Files\engine">
      <UniqueIdentifier>{25671b25-9d69-458a-b573-a8251464a867}</UniqueIdentifier>
    </Filter>
    <Filter Include="Source Files\ui">
      <UniqueIdentifier>{e7604161-3ed8-4b97-bc9d-5a665215e9cb}</UniqueIdentifier>
    </Filter>
  </ItemGroup>
  <ItemGroup>
    <ClInclude Include="Firefly.h">
      <Filter>Header Files</Filter>
    </ClInclude>
    <ClInclude Include="Background.h">
      <Filter>Header Files\ui</Filter>
    </ClInclude>
    <ClInclude Include="Button.h">
      <Filter>Header Files\ui</Filter>
    </ClInclude>
    <ClInclude Include="ImageButton.h">
      <Filter>Header Files\ui</Filter>
    </ClInclude>
    <ClInclude Include="Animation.h">
      <Filter>Header Files\engine</Filter>
    </ClInclude>
    <ClInclude Include="Color.h">
      <Filter>Header Files\engine</Filter>
    </ClInclude>
    <ClInclude Include="AllStates.h">
      <Filter>Header Files\engine</Filter>
    </ClInclude>
    <ClInclude Include="Entity.h">
      <Filter>Header Files\engine</Filter>
    </ClInclude>
    <ClInclude Include="EscMenu.h">
      <Filter>Header Files\ui</Filter>
    </ClInclude>
    <ClInclude Include="fRectangle.h">
      <Filter>Header Files\engine</Filter>
    </ClInclude>
    <ClInclude Include="GameState.h">
      <Filter>Header Files\engine</Filter>
    </ClInclude>
    <ClInclude Include="InputMouse.h">
      <Filter>Header Files\engine</Filter>
    </ClInclude>
    <ClInclude Include="InputKeyboard.h">
      <Filter>Header Files\engine</Filter>
    </ClInclude>
    <ClInclude Include="ListContainer.h">
      <Filter>Header Files\ui</Filter>
    </ClInclude>
    <ClInclude Include="ListElement.h">
      <Filter>Header Files\ui</Filter>
    </ClInclude>
    <ClInclude Include="Navigator.h">
      <Filter>Header Files\engine</Filter>
    </ClInclude>
    <ClInclude Include="NumEntryBox.h">
      <Filter>Header Files\ui</Filter>
    </ClInclude>
    <ClInclude Include="Physics.h">
      <Filter>Header Files\engine</Filter>
    </ClInclude>
    <ClInclude Include="PlayGame.h">
      <Filter>Header Files\engine</Filter>
    </ClInclude>
    <ClInclude Include="Render.h">
      <Filter>Header Files\engine</Filter>
    </ClInclude>
    <ClInclude Include="ScrollBar.h">
      <Filter>Header Files\ui</Filter>
    </ClInclude>
    <ClInclude Include="Shader.h">
      <Filter>Header Files\engine</Filter>
    </ClInclude>
    <ClInclude Include="Slider.h">
      <Filter>Header Files\ui</Filter>
    </ClInclude>
    <ClInclude Include="Sprite.h">
      <Filter>Header Files\engine</Filter>
    </ClInclude>
    <ClInclude Include="StateEnum.h">
      <Filter>Header Files\engine</Filter>
    </ClInclude>
    <ClInclude Include="TextBox.h">
      <Filter>Header Files\ui</Filter>
    </ClInclude>
    <ClInclude Include="TextEntryBox.h">
      <Filter>Header Files\ui</Filter>
    </ClInclude>
    <ClInclude Include="TextureBox.h">
      <Filter>Header Files\engine</Filter>
    </ClInclude>
    <ClInclude Include="UICircle.h">
      <Filter>Header Files\engine</Filter>
    </ClInclude>
    <ClInclude Include="UIShader.h">
      <Filter>Header Files\engine</Filter>
    </ClInclude>
    <ClInclude Include="UIRectangle.h">
      <Filter>Header Files\engine</Filter>
    </ClInclude>
    <ClInclude Include="UIText.h">
      <Filter>Header Files\engine</Filter>
    </ClInclude>
    <ClInclude Include="UITriangle.h">
      <Filter>Header Files\engine</Filter>
    </ClInclude>
    <ClInclude Include="UserInput.h">
      <Filter>Header Files\engine</Filter>
    </ClInclude>
    <ClInclude Include="Vertex.h">
      <Filter>Header Files\engine</Filter>
    </ClInclude>
    <ClInclude Include="MainMenuState.h">
      <Filter>Header Files\engine</Filter>
    </ClInclude>
    <ClInclude Include="FPSCounter.h">
      <Filter>Header Files\ui</Filter>
    </ClInclude>
    <ClInclude Include="WindowBorder.h">
      <Filter>Header Files\ui</Filter>
    </ClInclude>
    <ClInclude Include="Bar.h">
      <Filter>Header Files</Filter>
    </ClInclude>
    <ClInclude Include="Tile.h">
      <Filter>Header Files</Filter>
    </ClInclude>
    <ClInclude Include="EndlessState.h">
      <Filter>Header Files</Filter>
    </ClInclude>
    <ClInclude Include="Ball.h">
      <Filter>Header Files</Filter>
    </ClInclude>
    <ClInclude Include="resource.h">
      <Filter>Header Files</Filter>
    </ClInclude>
    <ClInclude Include="HighScoreElement.h">
      <Filter>Header Files</Filter>
    </ClInclude>
    <ClInclude Include="GameOverScreen.h">
      <Filter>Header Files</Filter>
    </ClInclude>
    <ClInclude Include="PauseScreen.h">
      <Filter>Header Files</Filter>
    </ClInclude>
  </ItemGroup>
  <ItemGroup>
    <ClCompile Include="Firefly.cpp">
      <Filter>Source Files</Filter>
    </ClCompile>
    <ClCompile Include="Animation.cpp">
      <Filter>Source Files\engine</Filter>
    </ClCompile>
    <ClCompile Include="Background.cpp">
      <Filter>Source Files\ui</Filter>
    </ClCompile>
    <ClCompile Include="Button.cpp">
      <Filter>Source Files\ui</Filter>
    </ClCompile>
    <ClCompile Include="Color.cpp">
      <Filter>Source Files\engine</Filter>
    </ClCompile>
    <ClCompile Include="Entity.cpp">
      <Filter>Source Files\engine</Filter>
    </ClCompile>
    <ClCompile Include="EscMenu.cpp">
      <Filter>Source Files\ui</Filter>
    </ClCompile>
    <ClCompile Include="fRectangle.cpp">
      <Filter>Source Files\engine</Filter>
    </ClCompile>
    <ClCompile Include="GameState.cpp">
      <Filter>Source Files\engine</Filter>
    </ClCompile>
    <ClCompile Include="ImageButton.cpp">
      <Filter>Source Files\ui</Filter>
    </ClCompile>
    <ClCompile Include="InputKeyboard.cpp">
      <Filter>Source Files\engine</Filter>
    </ClCompile>
    <ClCompile Include="InputMouse.cpp">
      <Filter>Source Files\engine</Filter>
    </ClCompile>
    <ClCompile Include="ListContainer.cpp">
      <Filter>Source Files\ui</Filter>
    </ClCompile>
    <ClCompile Include="ListElement.cpp">
      <Filter>Source Files\ui</Filter>
    </ClCompile>
    <ClCompile Include="MainMenuState.cpp">
      <Filter>Source Files\engine</Filter>
    </ClCompile>
    <ClCompile Include="Main.cpp">
      <Filter>Source Files\engine</Filter>
    </ClCompile>
    <ClCompile Include="Navigator.cpp">
      <Filter>Source Files\engine</Filter>
    </ClCompile>
    <ClCompile Include="NumEntryBox.cpp">
      <Filter>Source Files\ui</Filter>
    </ClCompile>
    <ClCompile Include="Physics.cpp">
      <Filter>Source Files\engine</Filter>
    </ClCompile>
    <ClCompile Include="PlayGame.cpp">
      <Filter>Source Files\engine</Filter>
    </ClCompile>
    <ClCompile Include="Render.cpp">
      <Filter>Source Files\engine</Filter>
    </ClCompile>
    <ClCompile Include="ScrollBar.cpp">
      <Filter>Source Files\ui</Filter>
    </ClCompile>
    <ClCompile Include="Shader.cpp">
      <Filter>Source Files\engine</Filter>
    </ClCompile>
    <ClCompile Include="Slider.cpp">
      <Filter>Source Files\ui</Filter>
    </ClCompile>
    <ClCompile Include="Sprite.cpp">
      <Filter>Source Files\engine</Filter>
    </ClCompile>
    <ClCompile Include="TextBox.cpp">
      <Filter>Source Files\ui</Filter>
    </ClCompile>
    <ClCompile Include="TextEntryBox.cpp">
      <Filter>Source Files\ui</Filter>
    </ClCompile>
    <ClCompile Include="TextureBox.cpp">
      <Filter>Source Files\engine</Filter>
    </ClCompile>
    <ClCompile Include="UICircle.cpp">
      <Filter>Source Files\engine</Filter>
    </ClCompile>
    <ClCompile Include="UIRectangle.cpp">
      <Filter>Source Files\engine</Filter>
    </ClCompile>
    <ClCompile Include="UIShader.cpp">
      <Filter>Source Files\engine</Filter>
    </ClCompile>
    <ClCompile Include="UIText.cpp">
      <Filter>Source Files\engine</Filter>
    </ClCompile>
    <ClCompile Include="UITriangle.cpp">
      <Filter>Source Files\engine</Filter>
    </ClCompile>
    <ClCompile Include="UserInput.cpp">
      <Filter>Source Files\engine</Filter>
    </ClCompile>
    <ClCompile Include="FPSCounter.cpp">
      <Filter>Source Files\ui</Filter>
    </ClCompile>
    <ClCompile Include="WindowBorder.cpp">
      <Filter>Source Files\ui</Filter>
    </ClCompile>
    <ClCompile Include="Bar.cpp">
      <Filter>Source Files</Filter>
    </ClCompile>
    <ClCompile Include="Tile.cpp">
      <Filter>Source Files</Filter>
    </ClCompile>
    <ClCompile Include="EndlessState.cpp">
      <Filter>Source Files</Filter>
    </ClCompile>
    <ClCompile Include="Ball.cpp">
      <Filter>Source Files</Filter>
    </ClCompile>
    <ClCompile Include="HighScoreElement.cpp">
      <Filter>Source Files</Filter>
    </ClCompile>
    <ClCompile Include="GameOverScreen.cpp">
      <Filter>Source Files</Filter>
    </ClCompile>
    <ClCompile Include="PauseScreen.cpp">
      <Filter>Source Files</Filter>
    </ClCompile>
  </ItemGroup>
  <ItemGroup>
    <ResourceCompile Include="Portfolio1.rc">
      <Filter>Resource Files</Filter>
    </ResourceCompile>
  </ItemGroup>
</Project>